
Microsoft Visual Studio Solution File, Format Version 12.00
Project("{FAE04EC0-301F-11D3-BF4B-00C04F79EFBC}") = "HuntingAndFishingShop", "HuntingAndFishingShop\HuntingAndFishingShop.csproj", "{A029196B-72B9-47EE-B721-7E35EBED2D3F}"
EndProject
Project("{FAE04EC0-301F-11D3-BF4B-00C04F79EFBC}") = "HAFS.DAL", "HAFS.DAL\HAFS.DAL.csproj", "{16FFDA44-218A-4B89-A69D-BD9EBA7EF33F}"
EndProject
Project("{FAE04EC0-301F-11D3-BF4B-00C04F79EFBC}") = "HAFS.Domain", "HAFS.Domain\HAFS.Domain.csproj", "{8C7792C9-1A86-4C71-B20D-E44951A4D661}"
EndProject
Project("{FAE04EC0-301F-11D3-BF4B-00C04F79EFBC}") = "HAFS.Services", "HAFS.Services\HAFS.Services.csproj", "{0AD66D67-A8EA-496C-BD00-834439398813}"
EndProject
Global
	GlobalSection(SolutionConfigurationPlatforms) = preSolution
		Debug|Any CPU = Debug|Any CPU
		Release|Any CPU = Release|Any CPU
	EndGlobalSection
	GlobalSection(ProjectConfigurationPlatforms) = postSolution
		{A029196B-72B9-47EE-B721-7E35EBED2D3F}.Debug|Any CPU.ActiveCfg = Debug|Any CPU
		{A029196B-72B9-47EE-B721-7E35EBED2D3F}.Debug|Any CPU.Build.0 = Debug|Any CPU
		{A029196B-72B9-47EE-B721-7E35EBED2D3F}.Release|Any CPU.ActiveCfg = Release|Any CPU
		{A029196B-72B9-47EE-B721-7E35EBED2D3F}.Release|Any CPU.Build.0 = Release|Any CPU
		{16FFDA44-218A-4B89-A69D-BD9EBA7EF33F}.Debug|Any CPU.ActiveCfg = Debug|Any CPU
		{16FFDA44-218A-4B89-A69D-BD9EBA7EF33F}.Debug|Any CPU.Build.0 = Debug|Any CPU
		{16FFDA44-218A-4B89-A69D-BD9EBA7EF33F}.Release|Any CPU.ActiveCfg = Release|Any CPU
		{16FFDA44-218A-4B89-A69D-BD9EBA7EF33F}.Release|Any CPU.Build.0 = Release|Any CPU
		{8C7792C9-1A86-4C71-B20D-E44951A4D661}.Debug|Any CPU.ActiveCfg = Debug|Any CPU
		{8C7792C9-1A86-4C71-B20D-E44951A4D661}.Debug|Any CPU.Build.0 = Debug|Any CPU
		{8C7792C9-1A86-4C71-B20D-E44951A4D661}.Release|Any CPU.ActiveCfg = Release|Any CPU
		{8C7792C9-1A86-4C71-B20D-E44951A4D661}.Release|Any CPU.Build.0 = Release|Any CPU
		{0AD66D67-A8EA-496C-BD00-834439398813}.Debug|Any CPU.ActiveCfg = Debug|Any CPU
		{0AD66D67-A8EA-496C-BD00-834439398813}.Debug|Any CPU.Build.0 = Debug|Any CPU
		{0AD66D67-A8EA-496C-BD00-834439398813}.Release|Any CPU.ActiveCfg = Release|Any CPU
		{0AD66D67-A8EA-496C-BD00-834439398813}.Release|Any CPU.Build.0 = Release|Any CPU
	EndGlobalSection
EndGlobal
